
Microsoft Visual Studio Solution File, Format Version 12.00
# Visual Studio 15
VisualStudioVersion = 15.0.28307.645
MinimumVisualStudioVersion = 10.0.40219.1
Project("{FAE04EC0-301F-11D3-BF4B-00C04F79EFBC}") = "AspNetDataDrivenHomeworkNo1", "AspNetDataDrivenHomeworkNo1\AspNetDataDrivenHomeworkNo1.csproj", "{EAE0B4EE-540B-431E-A624-4B9484BE117B}"
EndProject
Global
	GlobalSection(SolutionConfigurationPlatforms) = preSolution
		Debug|Any CPU = Debug|Any CPU
		Release|Any CPU = Release|Any CPU
	EndGlobalSection
	GlobalSection(ProjectConfigurationPlatforms) = postSolution
		{EAE0B4EE-540B-431E-A624-4B9484BE117B}.Debug|Any CPU.ActiveCfg = Debug|Any CPU
		{EAE0B4EE-540B-431E-A624-4B9484BE117B}.Debug|Any CPU.Build.0 = Debug|Any CPU
		{EAE0B4EE-540B-431E-A624-4B9484BE117B}.Release|Any CPU.ActiveCfg = Release|Any CPU
		{EAE0B4EE-540B-431E-A624-4B9484BE117B}.Release|Any CPU.Build.0 = Release|Any CPU
	EndGlobalSection
	GlobalSection(SolutionProperties) = preSolution
		HideSolutionNode = FALSE
	EndGlobalSection
	GlobalSection(ExtensibilityGlobals) = postSolution
		SolutionGuid = {021DBA8D-C202-42F4-BD65-01912CFE4EDF}
	EndGlobalSection
EndGlobal
